
Microsoft Visual Studio Solution File, Format Version 12.00
# Visual Studio Version 16
VisualStudioVersion = 25.0.1705.3
MinimumVisualStudioVersion = 10.0.40219.1
Project("{FAE04EC0-301F-11D3-BF4B-00C04F79EFBC}") = "DVDCommunity", "DVDCommunity\DVDCommunity.csproj", "{EAC919B5-4BCC-4785-A60D-03AF6C5C2A2E}"
EndProject
Global
	GlobalSection(SolutionConfigurationPlatforms) = preSolution
		Debug|Any CPU = Debug|Any CPU
		Release|Any CPU = Release|Any CPU
	EndGlobalSection
	GlobalSection(ProjectConfigurationPlatforms) = postSolution
		{EAC919B5-4BCC-4785-A60D-03AF6C5C2A2E}.Debug|Any CPU.ActiveCfg = Debug|Any CPU
		{EAC919B5-4BCC-4785-A60D-03AF6C5C2A2E}.Debug|Any CPU.Build.0 = Debug|Any CPU
		{EAC919B5-4BCC-4785-A60D-03AF6C5C2A2E}.Release|Any CPU.ActiveCfg = Release|Any CPU
		{EAC919B5-4BCC-4785-A60D-03AF6C5C2A2E}.Release|Any CPU.Build.0 = Release|Any CPU
	EndGlobalSection
	GlobalSection(SolutionProperties) = preSolution
		HideSolutionNode = FALSE
	EndGlobalSection
	GlobalSection(ExtensibilityGlobals) = postSolution
		SolutionGuid = {C8745754-6725-4300-889D-6FE67FE8B64C}
	EndGlobalSection
EndGlobal
